
Microsoft Visual Studio Solution File, Format Version 12.00
# Visual Studio 15
VisualStudioVersion = 15.0.28307.168
MinimumVisualStudioVersion = 10.0.40219.1
Project("{FAE04EC0-301F-11D3-BF4B-00C04F79EFBC}") = "Tic_Tac_Toe1", "Tic_Tac_Toe1\Tic_Tac_Toe1.csproj", "{BEE1F6B6-72F1-483A-B075-A57FD6BFC7F6}"
EndProject
Global
	GlobalSection(SolutionConfigurationPlatforms) = preSolution
		Debug|Any CPU = Debug|Any CPU
		Release|Any CPU = Release|Any CPU
	EndGlobalSection
	GlobalSection(ProjectConfigurationPlatforms) = postSolution
		{BEE1F6B6-72F1-483A-B075-A57FD6BFC7F6}.Debug|Any CPU.ActiveCfg = Debug|Any CPU
		{BEE1F6B6-72F1-483A-B075-A57FD6BFC7F6}.Debug|Any CPU.Build.0 = Debug|Any CPU
		{BEE1F6B6-72F1-483A-B075-A57FD6BFC7F6}.Release|Any CPU.ActiveCfg = Release|Any CPU
		{BEE1F6B6-72F1-483A-B075-A57FD6BFC7F6}.Release|Any CPU.Build.0 = Release|Any CPU
	EndGlobalSection
	GlobalSection(SolutionProperties) = preSolution
		HideSolutionNode = FALSE
	EndGlobalSection
	GlobalSection(ExtensibilityGlobals) = postSolution
		SolutionGuid = {631A7BAC-BE9E-4147-B84F-56CCEE2FDD87}
	EndGlobalSection
EndGlobal
